
Microsoft Visual Studio Solution File, Format Version 12.00
# Visual Studio Version 16
VisualStudioVersion = 16.0.29209.62
MinimumVisualStudioVersion = 10.0.40219.1
Project("{FAE04EC0-301F-11D3-BF4B-00C04F79EFBC}") = "EkranAyar", "EkranAyar\EkranAyar.csproj", "{EFFDD00E-A1DD-4306-8F05-C37454C9605E}"
EndProject
Global
	GlobalSection(SolutionConfigurationPlatforms) = preSolution
		Debug|Any CPU = Debug|Any CPU
		Release|Any CPU = Release|Any CPU
	EndGlobalSection
	GlobalSection(ProjectConfigurationPlatforms) = postSolution
		{EFFDD00E-A1DD-4306-8F05-C37454C9605E}.Debug|Any CPU.ActiveCfg = Debug|Any CPU
		{EFFDD00E-A1DD-4306-8F05-C37454C9605E}.Debug|Any CPU.Build.0 = Debug|Any CPU
		{EFFDD00E-A1DD-4306-8F05-C37454C9605E}.Release|Any CPU.ActiveCfg = Release|Any CPU
		{EFFDD00E-A1DD-4306-8F05-C37454C9605E}.Release|Any CPU.Build.0 = Release|Any CPU
	EndGlobalSection
	GlobalSection(SolutionProperties) = preSolution
		HideSolutionNode = FALSE
	EndGlobalSection
	GlobalSection(ExtensibilityGlobals) = postSolution
		SolutionGuid = {7DF5189B-168E-425F-B9B9-620736DCB628}
	EndGlobalSection
EndGlobal
